
Microsoft Visual Studio Solution File, Format Version 12.00
# Visual Studio Version 16
VisualStudioVersion = 16.0.30907.101
MinimumVisualStudioVersion = 10.0.40219.1
Project("{FAE04EC0-301F-11D3-BF4B-00C04F79EFBC}") = "DatabaseSQLParser", "DatabaseSQLParser\DatabaseSQLParser.csproj", "{7B399032-3D77-4222-B9B2-3B5BC9150CA8}"
EndProject
Global
	GlobalSection(SolutionConfigurationPlatforms) = preSolution
		Debug|Any CPU = Debug|Any CPU
		Release|Any CPU = Release|Any CPU
	EndGlobalSection
	GlobalSection(ProjectConfigurationPlatforms) = postSolution
		{7B399032-3D77-4222-B9B2-3B5BC9150CA8}.Debug|Any CPU.ActiveCfg = Debug|Any CPU
		{7B399032-3D77-4222-B9B2-3B5BC9150CA8}.Debug|Any CPU.Build.0 = Debug|Any CPU
		{7B399032-3D77-4222-B9B2-3B5BC9150CA8}.Release|Any CPU.ActiveCfg = Release|Any CPU
		{7B399032-3D77-4222-B9B2-3B5BC9150CA8}.Release|Any CPU.Build.0 = Release|Any CPU
	EndGlobalSection
	GlobalSection(SolutionProperties) = preSolution
		HideSolutionNode = FALSE
	EndGlobalSection
	GlobalSection(ExtensibilityGlobals) = postSolution
		SolutionGuid = {76D35293-3D1A-4DE6-89E3-1079443073D7}
	EndGlobalSection
EndGlobal
